
Microsoft Visual Studio Solution File, Format Version 12.00
# Visual Studio Version 17
VisualStudioVersion = 17.3.32825.248
MinimumVisualStudioVersion = 10.0.40219.1
Project("{8BC9CEB8-8B4A-11D0-8D11-00A0C91BC942}") = "хеши", "хеши\хеши.vcxproj", "{C234B39F-4766-4EE5-B009-AB3C6369E11F}"
EndProject
Global
	GlobalSection(SolutionConfigurationPlatforms) = preSolution
		Debug|x64 = Debug|x64
		Debug|x86 = Debug|x86
		Release|x64 = Release|x64
		Release|x86 = Release|x86
	EndGlobalSection
	GlobalSection(ProjectConfigurationPlatforms) = postSolution
		{C234B39F-4766-4EE5-B009-AB3C6369E11F}.Debug|x64.ActiveCfg = Debug|x64
		{C234B39F-4766-4EE5-B009-AB3C6369E11F}.Debug|x64.Build.0 = Debug|x64
		{C234B39F-4766-4EE5-B009-AB3C6369E11F}.Debug|x86.ActiveCfg = Debug|Win32
		{C234B39F-4766-4EE5-B009-AB3C6369E11F}.Debug|x86.Build.0 = Debug|Win32
		{C234B39F-4766-4EE5-B009-AB3C6369E11F}.Release|x64.ActiveCfg = Release|x64
		{C234B39F-4766-4EE5-B009-AB3C6369E11F}.Release|x64.Build.0 = Release|x64
		{C234B39F-4766-4EE5-B009-AB3C6369E11F}.Release|x86.ActiveCfg = Release|Win32
		{C234B39F-4766-4EE5-B009-AB3C6369E11F}.Release|x86.Build.0 = Release|Win32
	EndGlobalSection
	GlobalSection(SolutionProperties) = preSolution
		HideSolutionNode = FALSE
	EndGlobalSection
	GlobalSection(ExtensibilityGlobals) = postSolution
		SolutionGuid = {AED0CEE8-41B0-4BAD-B8AE-4A6C526BF201}
	EndGlobalSection
EndGlobal
